// !$*UTF8*$!
{
	archiveVersion = 1;
	classes = {
	};
	objectVersion = 46;
	objects = {

/* Begin PBXBuildFile section */
		B7754B90142D34080088CA46 /* TextFieldAndLabelCell_iPad.xib in Resources */ = {isa = PBXBuildFile; fileRef = B7754B8C142D34080088CA46 /* TextFieldAndLabelCell_iPad.xib */; };
		B7754B91142D34080088CA46 /* ShortFieldCell_iPad.xib in Resources */ = {isa = PBXBuildFile; fileRef = B7754B8D142D34080088CA46 /* ShortFieldCell_iPad.xib */; };
		B7754B92142D34080088CA46 /* ScaleDataCell_iPad.xib in Resources */ = {isa = PBXBuildFile; fileRef = B7754B8E142D34080088CA46 /* ScaleDataCell_iPad.xib */; };
		B7754B93142D34080088CA46 /* SwitchAndLabelCell_iPad.xib in Resources */ = {isa = PBXBuildFile; fileRef = B7754B8F142D34080088CA46 /* SwitchAndLabelCell_iPad.xib */; };
		B7754B96142D37760088CA46 /* TextViewAndLabelCell_iPhone.xib in Resources */ = {isa = PBXBuildFile; fileRef = B7754B95142D37760088CA46 /* TextViewAndLabelCell_iPhone.xib */; };
		B7754B9B142D47C80088CA46 /* CliniciansViewController_Shared.m in Sources */ = {isa = PBXBuildFile; fileRef = B7754B9A142D47C80088CA46 /* CliniciansViewController_Shared.m */; };
		B78FADD7142CD9D4006D0FAD /* LICENSE AGREEMENT.rtf in Resources */ = {isa = PBXBuildFile; fileRef = B78FADC4142CD9D4006D0FAD /* LICENSE AGREEMENT.rtf */; };
		B78FADD8142CD9D4006D0FAD /* SCBadgeView.m in Sources */ = {isa = PBXBuildFile; fileRef = B78FADC6142CD9D4006D0FAD /* SCBadgeView.m */; };
		B78FADD9142CD9D4006D0FAD /* SCClassDefinition.m in Sources */ = {isa = PBXBuildFile; fileRef = B78FADC8142CD9D4006D0FAD /* SCClassDefinition.m */; };
		B78FADDA142CD9D4006D0FAD /* SCGlobals.m in Sources */ = {isa = PBXBuildFile; fileRef = B78FADCA142CD9D4006D0FAD /* SCGlobals.m */; };
		B78FADDB142CD9D4006D0FAD /* SCPropertyAttributes.m in Sources */ = {isa = PBXBuildFile; fileRef = B78FADCC142CD9D4006D0FAD /* SCPropertyAttributes.m */; };
		B78FADDC142CD9D4006D0FAD /* SCTableViewCell.m in Sources */ = {isa = PBXBuildFile; fileRef = B78FADCE142CD9D4006D0FAD /* SCTableViewCell.m */; };
		B78FADDD142CD9D4006D0FAD /* SCTableViewController.m in Sources */ = {isa = PBXBuildFile; fileRef = B78FADD0142CD9D4006D0FAD /* SCTableViewController.m */; };
		B78FADDE142CD9D4006D0FAD /* SCTableViewModel.m in Sources */ = {isa = PBXBuildFile; fileRef = B78FADD2142CD9D4006D0FAD /* SCTableViewModel.m */; };
		B78FADDF142CD9D4006D0FAD /* SCTableViewSection.m in Sources */ = {isa = PBXBuildFile; fileRef = B78FADD4142CD9D4006D0FAD /* SCTableViewSection.m */; };
		B78FADE0142CD9D4006D0FAD /* SCViewController.m in Sources */ = {isa = PBXBuildFile; fileRef = B78FADD6142CD9D4006D0FAD /* SCViewController.m */; };
		B78FADE3142CDE17006D0FAD /* psyTrainTrack.xcdatamodeld in Sources */ = {isa = PBXBuildFile; fileRef = B78FADE1142CDE17006D0FAD /* psyTrainTrack.xcdatamodeld */; };
		B78FAE01142CF306006D0FAD /* 111-user.png in Resources */ = {isa = PBXBuildFile; fileRef = B78FADEA142CF306006D0FAD /* 111-user.png */; };
		B78FAE02142CF306006D0FAD /* 112-group.png in Resources */ = {isa = PBXBuildFile; fileRef = B78FADEB142CF306006D0FAD /* 112-group.png */; };
		B78FAE03142CF306006D0FAD /* 140-gradhat.png in Resources */ = {isa = PBXBuildFile; fileRef = B78FADEC142CF306006D0FAD /* 140-gradhat.png */; };
		B78FAE04142CF306006D0FAD /* 53-house.png in Resources */ = {isa = PBXBuildFile; fileRef = B78FADED142CF306006D0FAD /* 53-house.png */; };
		B78FAE05142CF306006D0FAD /* 54-lock.png in Resources */ = {isa = PBXBuildFile; fileRef = B78FADEE142CF306006D0FAD /* 54-lock.png */; };
		B78FAE06142CF306006D0FAD /* clients.png in Resources */ = {isa = PBXBuildFile; fileRef = B78FADEF142CF306006D0FAD /* clients.png */; };
		B78FAE07142CF306006D0FAD /* email.png in Resources */ = {isa = PBXBuildFile; fileRef = B78FADF0142CF306006D0FAD /* email.png */; };
		B78FAE08142CF306006D0FAD /* email2.png in Resources */ = {isa = PBXBuildFile; fileRef = B78FADF1142CF306006D0FAD /* email2.png */; };
		B78FAE09142CF306006D0FAD /* gears.png in Resources */ = {isa = PBXBuildFile; fileRef = B78FADF2142CF306006D0FAD /* gears.png */; };
		B78FAE0A142CF306006D0FAD /* home.png in Resources */ = {isa = PBXBuildFile; fileRef = B78FADF3142CF306006D0FAD /* home.png */; };
		B78FAE0B142CF306006D0FAD /* medical.png in Resources */ = {isa = PBXBuildFile; fileRef = B78FADF4142CF306006D0FAD /* medical.png */; };
		B78FAE0C142CF306006D0FAD /* myinfo.png in Resources */ = {isa = PBXBuildFile; fileRef = B78FADF5142CF306006D0FAD /* myinfo.png */; };
		B78FAE0D142CF306006D0FAD /* PsycheWebICC14a-A09aT00a-Z_mdm.jpg in Resources */ = {isa = PBXBuildFile; fileRef = B78FADF6142CF306006D0FAD /* PsycheWebICC14a-A09aT00a-Z_mdm.jpg */; };
		B78FAE0E142CF306006D0FAD /* PsycheWebICC14a-A09aT00a-Zclear-background.png in Resources */ = {isa = PBXBuildFile; fileRef = B78FADF7142CF306006D0FAD /* PsycheWebICC14a-A09aT00a-Zclear-background.png */; };
		B78FAE0F142CF306006D0FAD /* PsycheWebICC14a-A09aT00a-Zclear300.png in Resources */ = {isa = PBXBuildFile; fileRef = B78FADF8142CF306006D0FAD /* PsycheWebICC14a-A09aT00a-Zclear300.png */; };
		B78FAE10142CF306006D0FAD /* schedule.png in Resources */ = {isa = PBXBuildFile; fileRef = B78FADF9142CF306006D0FAD /* schedule.png */; };
		B78FAE11142CF306006D0FAD /* sliderbackground-gray.png in Resources */ = {isa = PBXBuildFile; fileRef = B78FADFA142CF306006D0FAD /* sliderbackground-gray.png */; };
		B78FAE12142CF306006D0FAD /* sliderbackground.png in Resources */ = {isa = PBXBuildFile; fileRef = B78FADFB142CF306006D0FAD /* sliderbackground.png */; };
		B78FAE14142CF306006D0FAD /* clinicians.png in Resources */ = {isa = PBXBuildFile; fileRef = B78FADFD142CF306006D0FAD /* clinicians.png */; };
		B78FAE15142CF306006D0FAD /* time.png in Resources */ = {isa = PBXBuildFile; fileRef = B78FADFE142CF306006D0FAD /* time.png */; };
		B78FAE16142CF306006D0FAD /* tools.png in Resources */ = {isa = PBXBuildFile; fileRef = B78FADFF142CF306006D0FAD /* tools.png */; };
		B78FAE17142CF306006D0FAD /* tools2.png in Resources */ = {isa = PBXBuildFile; fileRef = B78FAE00142CF306006D0FAD /* tools2.png */; };
		B78FAE1A142CFEB1006D0FAD /* PTTMasterViewController_iPad.m in Sources */ = {isa = PBXBuildFile; fileRef = B78FAE19142CFEB1006D0FAD /* PTTMasterViewController_iPad.m */; };
		B78FAE21142D0170006D0FAD /* CliniciansRootViewController_iPad.m in Sources */ = {isa = PBXBuildFile; fileRef = B78FAE1B142D016F006D0FAD /* CliniciansRootViewController_iPad.m */; };
		B78FAE22142D0170006D0FAD /* TextViewAndLabelWhite_iPad.xib in Resources */ = {isa = PBXBuildFile; fileRef = B78FAE1C142D016F006D0FAD /* TextViewAndLabelWhite_iPad.xib */; };
		B78FAE23142D0170006D0FAD /* CliniciansDetailViewController_iPad.m in Sources */ = {isa = PBXBuildFile; fileRef = B78FAE1E142D0170006D0FAD /* CliniciansDetailViewController_iPad.m */; };
		B78FAE24142D0170006D0FAD /* CliniciansDetailViewController_iPad.xib in Resources */ = {isa = PBXBuildFile; fileRef = B78FAE20142D0170006D0FAD /* CliniciansDetailViewController_iPad.xib */; };
		B79F489D142BEF0D0085D47B /* UIKit.framework in Frameworks */ = {isa = PBXBuildFile; fileRef = B79F489C142BEF0D0085D47B /* UIKit.framework */; };
		B79F489F142BEF0D0085D47B /* Foundation.framework in Frameworks */ = {isa = PBXBuildFile; fileRef = B79F489E142BEF0D0085D47B /* Foundation.framework */; };
		B79F48A1142BEF0D0085D47B /* CoreGraphics.framework in Frameworks */ = {isa = PBXBuildFile; fileRef = B79F48A0142BEF0D0085D47B /* CoreGraphics.framework */; };
		B79F48A3142BEF0D0085D47B /* CoreData.framework in Frameworks */ = {isa = PBXBuildFile; fileRef = B79F48A2142BEF0D0085D47B /* CoreData.framework */; };
		B79F48A9142BEF0D0085D47B /* InfoPlist.strings in Resources */ = {isa = PBXBuildFile; fileRef = B79F48A7142BEF0D0085D47B /* InfoPlist.strings */; };
		B79F48AB142BEF0D0085D47B /* main.m in Sources */ = {isa = PBXBuildFile; fileRef = B79F48AA142BEF0D0085D47B /* main.m */; };
		B79F48AF142BEF0D0085D47B /* PTTAppDelegate.m in Sources */ = {isa = PBXBuildFile; fileRef = B79F48AE142BEF0D0085D47B /* PTTAppDelegate.m */; };
		B79F48B5142BEF0D0085D47B /* PTTMasterViewController_iPhone.m in Sources */ = {isa = PBXBuildFile; fileRef = B79F48B4142BEF0D0085D47B /* PTTMasterViewController_iPhone.m */; };
		B79F48B8142BEF0D0085D47B /* PTTDetailViewController.m in Sources */ = {isa = PBXBuildFile; fileRef = B79F48B7142BEF0D0085D47B /* PTTDetailViewController.m */; };
		B79F48BB142BEF0D0085D47B /* PTTMasterViewController_iPhone.xib in Resources */ = {isa = PBXBuildFile; fileRef = B79F48B9142BEF0D0085D47B /* PTTMasterViewController_iPhone.xib */; };
		B79F48BE142BEF0E0085D47B /* PTTMasterViewController_iPad.xib in Resources */ = {isa = PBXBuildFile; fileRef = B79F48BC142BEF0E0085D47B /* PTTMasterViewController_iPad.xib */; };
		B79F48C1142BEF0E0085D47B /* PTTDetailViewController_iPhone.xib in Resources */ = {isa = PBXBuildFile; fileRef = B79F48BF142BEF0E0085D47B /* PTTDetailViewController_iPhone.xib */; };
		B79F48C4142BEF0E0085D47B /* PTTDetailViewController_iPad.xib in Resources */ = {isa = PBXBuildFile; fileRef = B79F48C2142BEF0E0085D47B /* PTTDetailViewController_iPad.xib */; };
		B79F48CE142CD7CD0085D47B /* ClinicianViewController.m in Sources */ = {isa = PBXBuildFile; fileRef = B79F48CD142CD7CD0085D47B /* ClinicianViewController.m */; };
		B79F48D0142CD8060085D47B /* ClinicianViewController.xib in Resources */ = {isa = PBXBuildFile; fileRef = B79F48CF142CD8060085D47B /* ClinicianViewController.xib */; };
		B79F48DA142CD8D00085D47B /* ButtonCell.m in Sources */ = {isa = PBXBuildFile; fileRef = B79F48D1142CD8CF0085D47B /* ButtonCell.m */; };
		B79F48DB142CD8D00085D47B /* TextFieldAndLabelCell_iPhone.xib in Resources */ = {isa = PBXBuildFile; fileRef = B79F48D3142CD8CF0085D47B /* TextFieldAndLabelCell_iPhone.xib */; };
		B79F48DC142CD8D00085D47B /* ScaleDataCell_iPhone.xib in Resources */ = {isa = PBXBuildFile; fileRef = B79F48D4142CD8CF0085D47B /* ScaleDataCell_iPhone.xib */; };
		B79F48DD142CD8D00085D47B /* ShortFieldCell_iPhone.xib in Resources */ = {isa = PBXBuildFile; fileRef = B79F48D5142CD8CF0085D47B /* ShortFieldCell_iPhone.xib */; };
		B79F48DE142CD8D00085D47B /* PickerYesNo.xib in Resources */ = {isa = PBXBuildFile; fileRef = B79F48D6142CD8CF0085D47B /* PickerYesNo.xib */; };
		B79F48DF142CD8D00085D47B /* SwitchAndLabelCell_iPhone.xib in Resources */ = {isa = PBXBuildFile; fileRef = B79F48D7142CD8D00085D47B /* SwitchAndLabelCell_iPhone.xib */; };
		B79F48E0142CD8D00085D47B /* SliderOneDataCell_iPhone.xib in Resources */ = {isa = PBXBuildFile; fileRef = B79F48D8142CD8D00085D47B /* SliderOneDataCell_iPhone.xib */; };
		B79F48E1142CD8D00085D47B /* SliderTwoDataCell_iPhone.xib in Resources */ = {isa = PBXBuildFile; fileRef = B79F48D9142CD8D00085D47B /* SliderTwoDataCell_iPhone.xib */; };
/* End PBXBuildFile section */

/* Begin PBXFileReference section */
		B7754B8C142D34080088CA46 /* TextFieldAndLabelCell_iPad.xib */ = {isa = PBXFileReference; fileEncoding = 4; lastKnownFileType = file.xib; path = TextFieldAndLabelCell_iPad.xib; sourceTree = "<group>"; };
		B7754B8D142D34080088CA46 /* ShortFieldCell_iPad.xib */ = {isa = PBXFileReference; fileEncoding = 4; lastKnownFileType = file.xib; path = ShortFieldCell_iPad.xib; sourceTree = "<group>"; };
		B7754B8E142D34080088CA46 /* ScaleDataCell_iPad.xib */ = {isa = PBXFileReference; fileEncoding = 4; lastKnownFileType = file.xib; path = ScaleDataCell_iPad.xib; sourceTree = "<group>"; };
		B7754B8F142D34080088CA46 /* SwitchAndLabelCell_iPad.xib */ = {isa = PBXFileReference; fileEncoding = 4; lastKnownFileType = file.xib; path = SwitchAndLabelCell_iPad.xib; sourceTree = "<group>"; };
		B7754B95142D37760088CA46 /* TextViewAndLabelCell_iPhone.xib */ = {isa = PBXFileReference; fileEncoding = 4; lastKnownFileType = file.xib; path = TextViewAndLabelCell_iPhone.xib; sourceTree = "<group>"; };
		B7754B99142D47C80088CA46 /* CliniciansViewController_Shared.h */ = {isa = PBXFileReference; fileEncoding = 4; lastKnownFileType = sourcecode.c.h; path = CliniciansViewController_Shared.h; sourceTree = "<group>"; };
		B7754B9A142D47C80088CA46 /* CliniciansViewController_Shared.m */ = {isa = PBXFileReference; fileEncoding = 4; lastKnownFileType = sourcecode.c.objc; path = CliniciansViewController_Shared.m; sourceTree = "<group>"; };
		B78FADC4142CD9D4006D0FAD /* LICENSE AGREEMENT.rtf */ = {isa = PBXFileReference; fileEncoding = 4; lastKnownFileType = text.rtf; path = "LICENSE AGREEMENT.rtf"; sourceTree = "<group>"; };
		B78FADC5142CD9D4006D0FAD /* SCBadgeView.h */ = {isa = PBXFileReference; fileEncoding = 4; lastKnownFileType = sourcecode.c.h; path = SCBadgeView.h; sourceTree = "<group>"; };
		B78FADC6142CD9D4006D0FAD /* SCBadgeView.m */ = {isa = PBXFileReference; fileEncoding = 4; lastKnownFileType = sourcecode.c.objc; path = SCBadgeView.m; sourceTree = "<group>"; };
		B78FADC7142CD9D4006D0FAD /* SCClassDefinition.h */ = {isa = PBXFileReference; fileEncoding = 4; lastKnownFileType = sourcecode.c.h; path = SCClassDefinition.h; sourceTree = "<group>"; };
		B78FADC8142CD9D4006D0FAD /* SCClassDefinition.m */ = {isa = PBXFileReference; fileEncoding = 4; lastKnownFileType = sourcecode.c.objc; path = SCClassDefinition.m; sourceTree = "<group>"; };
		B78FADC9142CD9D4006D0FAD /* SCGlobals.h */ = {isa = PBXFileReference; fileEncoding = 4; lastKnownFileType = sourcecode.c.h; path = SCGlobals.h; sourceTree = "<group>"; };
		B78FADCA142CD9D4006D0FAD /* SCGlobals.m */ = {isa = PBXFileReference; fileEncoding = 4; lastKnownFileType = sourcecode.c.objc; path = SCGlobals.m; sourceTree = "<group>"; };
		B78FADCB142CD9D4006D0FAD /* SCPropertyAttributes.h */ = {isa = PBXFileReference; fileEncoding = 4; lastKnownFileType = sourcecode.c.h; path = SCPropertyAttributes.h; sourceTree = "<group>"; };
		B78FADCC142CD9D4006D0FAD /* SCPropertyAttributes.m */ = {isa = PBXFileReference; fileEncoding = 4; lastKnownFileType = sourcecode.c.objc; path = SCPropertyAttributes.m; sourceTree = "<group>"; };
		B78FADCD142CD9D4006D0FAD /* SCTableViewCell.h */ = {isa = PBXFileReference; fileEncoding = 4; lastKnownFileType = sourcecode.c.h; path = SCTableViewCell.h; sourceTree = "<group>"; };
		B78FADCE142CD9D4006D0FAD /* SCTableViewCell.m */ = {isa = PBXFileReference; fileEncoding = 4; lastKnownFileType = sourcecode.c.objc; path = SCTableViewCell.m; sourceTree = "<group>"; };
		B78FADCF142CD9D4006D0FAD /* SCTableViewController.h */ = {isa = PBXFileReference; fileEncoding = 4; lastKnownFileType = sourcecode.c.h; path = SCTableViewController.h; sourceTree = "<group>"; };
		B78FADD0142CD9D4006D0FAD /* SCTableViewController.m */ = {isa = PBXFileReference; fileEncoding = 4; lastKnownFileType = sourcecode.c.objc; path = SCTableViewController.m; sourceTree = "<group>"; };
		B78FADD1142CD9D4006D0FAD /* SCTableViewModel.h */ = {isa = PBXFileReference; fileEncoding = 4; lastKnownFileType = sourcecode.c.h; path = SCTableViewModel.h; sourceTree = "<group>"; };
		B78FADD2142CD9D4006D0FAD /* SCTableViewModel.m */ = {isa = PBXFileReference; fileEncoding = 4; lastKnownFileType = sourcecode.c.objc; path = SCTableViewModel.m; sourceTree = "<group>"; };
		B78FADD3142CD9D4006D0FAD /* SCTableViewSection.h */ = {isa = PBXFileReference; fileEncoding = 4; lastKnownFileType = sourcecode.c.h; path = SCTableViewSection.h; sourceTree = "<group>"; };
		B78FADD4142CD9D4006D0FAD /* SCTableViewSection.m */ = {isa = PBXFileReference; fileEncoding = 4; lastKnownFileType = sourcecode.c.objc; path = SCTableViewSection.m; sourceTree = "<group>"; };
		B78FADD5142CD9D4006D0FAD /* SCViewController.h */ = {isa = PBXFileReference; fileEncoding = 4; lastKnownFileType = sourcecode.c.h; path = SCViewController.h; sourceTree = "<group>"; };
		B78FADD6142CD9D4006D0FAD /* SCViewController.m */ = {isa = PBXFileReference; fileEncoding = 4; lastKnownFileType = sourcecode.c.objc; path = SCViewController.m; sourceTree = "<group>"; };
		B78FADE2142CDE17006D0FAD /* psyTrainTrack.xcdatamodel */ = {isa = PBXFileReference; lastKnownFileType = wrapper.xcdatamodel; path = psyTrainTrack.xcdatamodel; sourceTree = "<group>"; };
		B78FADEA142CF306006D0FAD /* 111-user.png */ = {isa = PBXFileReference; lastKnownFileType = image.png; path = "111-user.png"; sourceTree = "<group>"; };
		B78FADEB142CF306006D0FAD /* 112-group.png */ = {isa = PBXFileReference; lastKnownFileType = image.png; path = "112-group.png"; sourceTree = "<group>"; };
		B78FADEC142CF306006D0FAD /* 140-gradhat.png */ = {isa = PBXFileReference; lastKnownFileType = image.png; path = "140-gradhat.png"; sourceTree = "<group>"; };
		B78FADED142CF306006D0FAD /* 53-house.png */ = {isa = PBXFileReference; lastKnownFileType = image.png; path = "53-house.png"; sourceTree = "<group>"; };
		B78FADEE142CF306006D0FAD /* 54-lock.png */ = {isa = PBXFileReference; lastKnownFileType = image.png; path = "54-lock.png"; sourceTree = "<group>"; };
		B78FADEF142CF306006D0FAD /* clients.png */ = {isa = PBXFileReference; lastKnownFileType = image.png; path = clients.png; sourceTree = "<group>"; };
		B78FADF0142CF306006D0FAD /* email.png */ = {isa = PBXFileReference; lastKnownFileType = image.png; path = email.png; sourceTree = "<group>"; };
		B78FADF1142CF306006D0FAD /* email2.png */ = {isa = PBXFileReference; lastKnownFileType = image.png; path = email2.png; sourceTree = "<group>"; };
		B78FADF2142CF306006D0FAD /* gears.png */ = {isa = PBXFileReference; lastKnownFileType = image.png; path = gears.png; sourceTree = "<group>"; };
		B78FADF3142CF306006D0FAD /* home.png */ = {isa = PBXFileReference; lastKnownFileType = image.png; path = home.png; sourceTree = "<group>"; };
		B78FADF4142CF306006D0FAD /* medical.png */ = {isa = PBXFileReference; lastKnownFileType = image.png; path = medical.png; sourceTree = "<group>"; };
		B78FADF5142CF306006D0FAD /* myinfo.png */ = {isa = PBXFileReference; lastKnownFileType = image.png; path = myinfo.png; sourceTree = "<group>"; };
		B78FADF6142CF306006D0FAD /* PsycheWebICC14a-A09aT00a-Z_mdm.jpg */ = {isa = PBXFileReference; lastKnownFileType = image.jpeg; path = "PsycheWebICC14a-A09aT00a-Z_mdm.jpg"; sourceTree = "<group>"; };
		B78FADF7142CF306006D0FAD /* PsycheWebICC14a-A09aT00a-Zclear-background.png */ = {isa = PBXFileReference; lastKnownFileType = image.png; path = "PsycheWebICC14a-A09aT00a-Zclear-background.png"; sourceTree = "<group>"; };
		B78FADF8142CF306006D0FAD /* PsycheWebICC14a-A09aT00a-Zclear300.png */ = {isa = PBXFileReference; lastKnownFileType = image.png; path = "PsycheWebICC14a-A09aT00a-Zclear300.png"; sourceTree = "<group>"; };
		B78FADF9142CF306006D0FAD /* schedule.png */ = {isa = PBXFileReference; lastKnownFileType = image.png; path = schedule.png; sourceTree = "<group>"; };
		B78FADFA142CF306006D0FAD /* sliderbackground-gray.png */ = {isa = PBXFileReference; lastKnownFileType = image.png; path = "sliderbackground-gray.png"; sourceTree = "<group>"; };
		B78FADFB142CF306006D0FAD /* sliderbackground.png */ = {isa = PBXFileReference; lastKnownFileType = image.png; path = sliderbackground.png; sourceTree = "<group>"; };
		B78FADFD142CF306006D0FAD /* clinicians.png */ = {isa = PBXFileReference; lastKnownFileType = image.png; path = clinicians.png; sourceTree = "<group>"; };
		B78FADFE142CF306006D0FAD /* time.png */ = {isa = PBXFileReference; lastKnownFileType = image.png; path = time.png; sourceTree = "<group>"; };
		B78FADFF142CF306006D0FAD /* tools.png */ = {isa = PBXFileReference; lastKnownFileType = image.png; path = tools.png; sourceTree = "<group>"; };
		B78FAE00142CF306006D0FAD /* tools2.png */ = {isa = PBXFileReference; lastKnownFileType = image.png; path = tools2.png; sourceTree = "<group>"; };
		B78FAE18142CFEB1006D0FAD /* PTTMasterViewController_iPad.h */ = {isa = PBXFileReference; fileEncoding = 4; lastKnownFileType = sourcecode.c.h; path = PTTMasterViewController_iPad.h; sourceTree = "<group>"; };
		B78FAE19142CFEB1006D0FAD /* PTTMasterViewController_iPad.m */ = {isa = PBXFileReference; fileEncoding = 4; lastKnownFileType = sourcecode.c.objc; path = PTTMasterViewController_iPad.m; sourceTree = "<group>"; };
		B78FAE1B142D016F006D0FAD /* CliniciansRootViewController_iPad.m */ = {isa = PBXFileReference; fileEncoding = 4; lastKnownFileType = sourcecode.c.objc; path = CliniciansRootViewController_iPad.m; sourceTree = "<group>"; };
		B78FAE1C142D016F006D0FAD /* TextViewAndLabelWhite_iPad.xib */ = {isa = PBXFileReference; fileEncoding = 4; lastKnownFileType = file.xib; path = TextViewAndLabelWhite_iPad.xib; sourceTree = "<group>"; };
		B78FAE1D142D0170006D0FAD /* CliniciansRootViewController_iPad.h */ = {isa = PBXFileReference; fileEncoding = 4; lastKnownFileType = sourcecode.c.h; path = CliniciansRootViewController_iPad.h; sourceTree = "<group>"; };
		B78FAE1E142D0170006D0FAD /* CliniciansDetailViewController_iPad.m */ = {isa = PBXFileReference; fileEncoding = 4; lastKnownFileType = sourcecode.c.objc; path = CliniciansDetailViewController_iPad.m; sourceTree = "<group>"; };
		B78FAE1F142D0170006D0FAD /* CliniciansDetailViewController_iPad.h */ = {isa = PBXFileReference; fileEncoding = 4; lastKnownFileType = sourcecode.c.h; path = CliniciansDetailViewController_iPad.h; sourceTree = "<group>"; };
		B78FAE20142D0170006D0FAD /* CliniciansDetailViewController_iPad.xib */ = {isa = PBXFileReference; fileEncoding = 4; lastKnownFileType = file.xib; path = CliniciansDetailViewController_iPad.xib; sourceTree = "<group>"; };
		B79F4898142BEF0D0085D47B /* psyTrainTrack.app */ = {isa = PBXFileReference; explicitFileType = wrapper.application; includeInIndex = 0; path = psyTrainTrack.app; sourceTree = BUILT_PRODUCTS_DIR; };
		B79F489C142BEF0D0085D47B /* UIKit.framework */ = {isa = PBXFileReference; lastKnownFileType = wrapper.framework; name = UIKit.framework; path = System/Library/Frameworks/UIKit.framework; sourceTree = SDKROOT; };
		B79F489E142BEF0D0085D47B /* Foundation.framework */ = {isa = PBXFileReference; lastKnownFileType = wrapper.framework; name = Foundation.framework; path = System/Library/Frameworks/Foundation.framework; sourceTree = SDKROOT; };
		B79F48A0142BEF0D0085D47B /* CoreGraphics.framework */ = {isa = PBXFileReference; lastKnownFileType = wrapper.framework; name = CoreGraphics.framework; path = System/Library/Frameworks/CoreGraphics.framework; sourceTree = SDKROOT; };
		B79F48A2142BEF0D0085D47B /* CoreData.framework */ = {isa = PBXFileReference; lastKnownFileType = wrapper.framework; name = CoreData.framework; path = System/Library/Frameworks/CoreData.framework; sourceTree = SDKROOT; };
		B79F48A6142BEF0D0085D47B /* psyTrainTrack-Info.plist */ = {isa = PBXFileReference; lastKnownFileType = text.plist.xml; path = "psyTrainTrack-Info.plist"; sourceTree = "<group>"; };
		B79F48A8142BEF0D0085D47B /* en */ = {isa = PBXFileReference; lastKnownFileType = text.plist.strings; name = en; path = en.lproj/InfoPlist.strings; sourceTree = "<group>"; };
		B79F48AA142BEF0D0085D47B /* main.m */ = {isa = PBXFileReference; lastKnownFileType = sourcecode.c.objc; path = main.m; sourceTree = "<group>"; };
		B79F48AC142BEF0D0085D47B /* psyTrainTrack-Prefix.pch */ = {isa = PBXFileReference; lastKnownFileType = sourcecode.c.h; path = "psyTrainTrack-Prefix.pch"; sourceTree = "<group>"; };
		B79F48AD142BEF0D0085D47B /* PTTAppDelegate.h */ = {isa = PBXFileReference; lastKnownFileType = sourcecode.c.h; path = PTTAppDelegate.h; sourceTree = "<group>"; };
		B79F48AE142BEF0D0085D47B /* PTTAppDelegate.m */ = {isa = PBXFileReference; lastKnownFileType = sourcecode.c.objc; path = PTTAppDelegate.m; sourceTree = "<group>"; };
		B79F48B3142BEF0D0085D47B /* PTTMasterViewController_iPhone.h */ = {isa = PBXFileReference; lastKnownFileType = sourcecode.c.h; path = PTTMasterViewController_iPhone.h; sourceTree = "<group>"; };
		B79F48B4142BEF0D0085D47B /* PTTMasterViewController_iPhone.m */ = {isa = PBXFileReference; lastKnownFileType = sourcecode.c.objc; path = PTTMasterViewController_iPhone.m; sourceTree = "<group>"; };
		B79F48B6142BEF0D0085D47B /* PTTDetailViewController.h */ = {isa = PBXFileReference; lastKnownFileType = sourcecode.c.h; path = PTTDetailViewController.h; sourceTree = "<group>"; };
		B79F48B7142BEF0D0085D47B /* PTTDetailViewController.m */ = {isa = PBXFileReference; lastKnownFileType = sourcecode.c.objc; path = PTTDetailViewController.m; sourceTree = "<group>"; };
		B79F48BA142BEF0D0085D47B /* en */ = {isa = PBXFileReference; lastKnownFileType = file.xib; name = en; path = en.lproj/PTTMasterViewController_iPhone.xib; sourceTree = "<group>"; };
		B79F48BD142BEF0E0085D47B /* en */ = {isa = PBXFileReference; lastKnownFileType = file.xib; name = en; path = en.lproj/PTTMasterViewController_iPad.xib; sourceTree = "<group>"; };
		B79F48C0142BEF0E0085D47B /* en */ = {isa = PBXFileReference; lastKnownFileType = file.xib; name = en; path = en.lproj/PTTDetailViewController_iPhone.xib; sourceTree = "<group>"; };
		B79F48C3142BEF0E0085D47B /* en */ = {isa = PBXFileReference; lastKnownFileType = file.xib; name = en; path = en.lproj/PTTDetailViewController_iPad.xib; sourceTree = "<group>"; };
		B79F48CC142CD7CD0085D47B /* ClinicianViewController.h */ = {isa = PBXFileReference; fileEncoding = 4; lastKnownFileType = sourcecode.c.h; name = ClinicianViewController.h; path = "../../psyTrainTrack not working for some reason/ClinicianViewController.h"; sourceTree = "<group>"; };
		B79F48CD142CD7CD0085D47B /* ClinicianViewController.m */ = {isa = PBXFileReference; fileEncoding = 4; lastKnownFileType = sourcecode.c.objc; name = ClinicianViewController.m; path = "../../psyTrainTrack not working for some reason/ClinicianViewController.m"; sourceTree = "<group>"; };
		B79F48CF142CD8060085D47B /* ClinicianViewController.xib */ = {isa = PBXFileReference; fileEncoding = 4; lastKnownFileType = file.xib; name = ClinicianViewController.xib; path = "../../psyTrainTrack not working for some reason/ClinicianViewController.xib"; sourceTree = "<group>"; };
		B79F48D1142CD8CF0085D47B /* ButtonCell.m */ = {isa = PBXFileReference; fileEncoding = 4; lastKnownFileType = sourcecode.c.objc; path = ButtonCell.m; sourceTree = "<group>"; };
		B79F48D2142CD8CF0085D47B /* ButtonCell.h */ = {isa = PBXFileReference; fileEncoding = 4; lastKnownFileType = sourcecode.c.h; path = ButtonCell.h; sourceTree = "<group>"; };
		B79F48D3142CD8CF0085D47B /* TextFieldAndLabelCell_iPhone.xib */ = {isa = PBXFileReference; fileEncoding = 4; lastKnownFileType = file.xib; path = TextFieldAndLabelCell_iPhone.xib; sourceTree = "<group>"; };
		B79F48D4142CD8CF0085D47B /* ScaleDataCell_iPhone.xib */ = {isa = PBXFileReference; fileEncoding = 4; lastKnownFileType = file.xib; path = ScaleDataCell_iPhone.xib; sourceTree = "<group>"; };
		B79F48D5142CD8CF0085D47B /* ShortFieldCell_iPhone.xib */ = {isa = PBXFileReference; fileEncoding = 4; lastKnownFileType = file.xib; path = ShortFieldCell_iPhone.xib; sourceTree = "<group>"; };
		B79F48D6142CD8CF0085D47B /* PickerYesNo.xib */ = {isa = PBXFileReference; fileEncoding = 4; lastKnownFileType = file.xib; path = PickerYesNo.xib; sourceTree = "<group>"; };
		B79F48D7142CD8D00085D47B /* SwitchAndLabelCell_iPhone.xib */ = {isa = PBXFileReference; fileEncoding = 4; lastKnownFileType = file.xib; path = SwitchAndLabelCell_iPhone.xib; sourceTree = "<group>"; };
		B79F48D8142CD8D00085D47B /* SliderOneDataCell_iPhone.xib */ = {isa = PBXFileReference; fileEncoding = 4; lastKnownFileType = file.xib; path = SliderOneDataCell_iPhone.xib; sourceTree = "<group>"; };
		B79F48D9142CD8D00085D47B /* SliderTwoDataCell_iPhone.xib */ = {isa = PBXFileReference; fileEncoding = 4; lastKnownFileType = file.xib; path = SliderTwoDataCell_iPhone.xib; sourceTree = "<group>"; };
/* End PBXFileReference section */

/* Begin PBXFrameworksBuildPhase section */
		B79F4895142BEF0D0085D47B /* Frameworks */ = {
			isa = PBXFrameworksBuildPhase;
			buildActionMask = 2147483647;
			files = (
				B79F489D142BEF0D0085D47B /* UIKit.framework in Frameworks */,
				B79F489F142BEF0D0085D47B /* Foundation.framework in Frameworks */,
				B79F48A1142BEF0D0085D47B /* CoreGraphics.framework in Frameworks */,
				B79F48A3142BEF0D0085D47B /* CoreData.framework in Frameworks */,
			);
			runOnlyForDeploymentPostprocessing = 0;
		};
/* End PBXFrameworksBuildPhase section */

/* Begin PBXGroup section */
		B78FADC3142CD9D4006D0FAD /* Sensible TableView */ = {
			isa = PBXGroup;
			children = (
				B78FADC4142CD9D4006D0FAD /* LICENSE AGREEMENT.rtf */,
				B78FADC5142CD9D4006D0FAD /* SCBadgeView.h */,
				B78FADC6142CD9D4006D0FAD /* SCBadgeView.m */,
				B78FADC7142CD9D4006D0FAD /* SCClassDefinition.h */,
				B78FADC8142CD9D4006D0FAD /* SCClassDefinition.m */,
				B78FADC9142CD9D4006D0FAD /* SCGlobals.h */,
				B78FADCA142CD9D4006D0FAD /* SCGlobals.m */,
				B78FADCB142CD9D4006D0FAD /* SCPropertyAttributes.h */,
				B78FADCC142CD9D4006D0FAD /* SCPropertyAttributes.m */,
				B78FADCD142CD9D4006D0FAD /* SCTableViewCell.h */,
				B78FADCE142CD9D4006D0FAD /* SCTableViewCell.m */,
				B78FADCF142CD9D4006D0FAD /* SCTableViewController.h */,
				B78FADD0142CD9D4006D0FAD /* SCTableViewController.m */,
				B78FADD1142CD9D4006D0FAD /* SCTableViewModel.h */,
				B78FADD2142CD9D4006D0FAD /* SCTableViewModel.m */,
				B78FADD3142CD9D4006D0FAD /* SCTableViewSection.h */,
				B78FADD4142CD9D4006D0FAD /* SCTableViewSection.m */,
				B78FADD5142CD9D4006D0FAD /* SCViewController.h */,
				B78FADD6142CD9D4006D0FAD /* SCViewController.m */,
			);
			path = "Sensible TableView";
			sourceTree = "<group>";
		};
		B78FADE9142CF306006D0FAD /* Images */ = {
			isa = PBXGroup;
			children = (
				B78FADEA142CF306006D0FAD /* 111-user.png */,
				B78FADEB142CF306006D0FAD /* 112-group.png */,
				B78FADEC142CF306006D0FAD /* 140-gradhat.png */,
				B78FADED142CF306006D0FAD /* 53-house.png */,
				B78FADEE142CF306006D0FAD /* 54-lock.png */,
				B78FADEF142CF306006D0FAD /* clients.png */,
				B78FADF0142CF306006D0FAD /* email.png */,
				B78FADF1142CF306006D0FAD /* email2.png */,
				B78FADF2142CF306006D0FAD /* gears.png */,
				B78FADF3142CF306006D0FAD /* home.png */,
				B78FADF4142CF306006D0FAD /* medical.png */,
				B78FADF5142CF306006D0FAD /* myinfo.png */,
				B78FADF6142CF306006D0FAD /* PsycheWebICC14a-A09aT00a-Z_mdm.jpg */,
				B78FADF7142CF306006D0FAD /* PsycheWebICC14a-A09aT00a-Zclear-background.png */,
				B78FADF8142CF306006D0FAD /* PsycheWebICC14a-A09aT00a-Zclear300.png */,
				B78FADF9142CF306006D0FAD /* schedule.png */,
				B78FADFA142CF306006D0FAD /* sliderbackground-gray.png */,
				B78FADFB142CF306006D0FAD /* sliderbackground.png */,
				B78FADFD142CF306006D0FAD /* clinicians.png */,
				B78FADFE142CF306006D0FAD /* time.png */,
				B78FADFF142CF306006D0FAD /* tools.png */,
				B78FAE00142CF306006D0FAD /* tools2.png */,
			);
			path = Images;
			sourceTree = "<group>";
		};
		B79F488D142BEF0C0085D47B = {
			isa = PBXGroup;
			children = (
				B79F48A4142BEF0D0085D47B /* psyTrainTrack */,
				B79F489B142BEF0D0085D47B /* Frameworks */,
				B79F4899142BEF0D0085D47B /* Products */,
			);
			sourceTree = "<group>";
		};
		B79F4899142BEF0D0085D47B /* Products */ = {
			isa = PBXGroup;
			children = (
				B79F4898142BEF0D0085D47B /* psyTrainTrack.app */,
			);
			name = Products;
			sourceTree = "<group>";
		};
		B79F489B142BEF0D0085D47B /* Frameworks */ = {
			isa = PBXGroup;
			children = (
				B79F489C142BEF0D0085D47B /* UIKit.framework */,
				B79F489E142BEF0D0085D47B /* Foundation.framework */,
				B79F48A0142BEF0D0085D47B /* CoreGraphics.framework */,
				B79F48A2142BEF0D0085D47B /* CoreData.framework */,
			);
			name = Frameworks;
			sourceTree = "<group>";
		};
		B79F48A4142BEF0D0085D47B /* psyTrainTrack */ = {
			isa = PBXGroup;
			children = (
				B7754B95142D37760088CA46 /* TextViewAndLabelCell_iPhone.xib */,
				B7754B8C142D34080088CA46 /* TextFieldAndLabelCell_iPad.xib */,
				B7754B8D142D34080088CA46 /* ShortFieldCell_iPad.xib */,
				B7754B8E142D34080088CA46 /* ScaleDataCell_iPad.xib */,
				B7754B8F142D34080088CA46 /* SwitchAndLabelCell_iPad.xib */,
				B78FAE1B142D016F006D0FAD /* CliniciansRootViewController_iPad.m */,
				B78FAE1C142D016F006D0FAD /* TextViewAndLabelWhite_iPad.xib */,
				B78FAE1D142D0170006D0FAD /* CliniciansRootViewController_iPad.h */,
				B78FAE1E142D0170006D0FAD /* CliniciansDetailViewController_iPad.m */,
				B78FAE1F142D0170006D0FAD /* CliniciansDetailViewController_iPad.h */,
				B78FAE20142D0170006D0FAD /* CliniciansDetailViewController_iPad.xib */,
				B78FADE9142CF306006D0FAD /* Images */,
				B78FADE1142CDE17006D0FAD /* psyTrainTrack.xcdatamodeld */,
				B78FADC3142CD9D4006D0FAD /* Sensible TableView */,
				B79F48CF142CD8060085D47B /* ClinicianViewController.xib */,
				B79F48D1142CD8CF0085D47B /* ButtonCell.m */,
				B79F48D2142CD8CF0085D47B /* ButtonCell.h */,
				B79F48D3142CD8CF0085D47B /* TextFieldAndLabelCell_iPhone.xib */,
				B79F48D4142CD8CF0085D47B /* ScaleDataCell_iPhone.xib */,
				B79F48D5142CD8CF0085D47B /* ShortFieldCell_iPhone.xib */,
				B79F48D6142CD8CF0085D47B /* PickerYesNo.xib */,
				B79F48D7142CD8D00085D47B /* SwitchAndLabelCell_iPhone.xib */,
				B79F48D8142CD8D00085D47B /* SliderOneDataCell_iPhone.xib */,
				B79F48D9142CD8D00085D47B /* SliderTwoDataCell_iPhone.xib */,
				B79F48CC142CD7CD0085D47B /* ClinicianViewController.h */,
				B79F48CD142CD7CD0085D47B /* ClinicianViewController.m */,
				B79F48AD142BEF0D0085D47B /* PTTAppDelegate.h */,
				B79F48AE142BEF0D0085D47B /* PTTAppDelegate.m */,
				B79F48B3142BEF0D0085D47B /* PTTMasterViewController_iPhone.h */,
				B79F48B4142BEF0D0085D47B /* PTTMasterViewController_iPhone.m */,
				B79F48B6142BEF0D0085D47B /* PTTDetailViewController.h */,
				B79F48B7142BEF0D0085D47B /* PTTDetailViewController.m */,
				B79F48B9142BEF0D0085D47B /* PTTMasterViewController_iPhone.xib */,
				B79F48BC142BEF0E0085D47B /* PTTMasterViewController_iPad.xib */,
				B79F48BF142BEF0E0085D47B /* PTTDetailViewController_iPhone.xib */,
				B79F48C2142BEF0E0085D47B /* PTTDetailViewController_iPad.xib */,
				B79F48A5142BEF0D0085D47B /* Supporting Files */,
				B78FAE18142CFEB1006D0FAD /* PTTMasterViewController_iPad.h */,
				B78FAE19142CFEB1006D0FAD /* PTTMasterViewController_iPad.m */,
				B7754B99142D47C80088CA46 /* CliniciansViewController_Shared.h */,
				B7754B9A142D47C80088CA46 /* CliniciansViewController_Shared.m */,
			);
			path = psyTrainTrack;
			sourceTree = "<group>";
		};
		B79F48A5142BEF0D0085D47B /* Supporting Files */ = {
			isa = PBXGroup;
			children = (
				B79F48A6142BEF0D0085D47B /* psyTrainTrack-Info.plist */,
				B79F48A7142BEF0D0085D47B /* InfoPlist.strings */,
				B79F48AA142BEF0D0085D47B /* main.m */,
				B79F48AC142BEF0D0085D47B /* psyTrainTrack-Prefix.pch */,
			);
			name = "Supporting Files";
			sourceTree = "<group>";
		};
/* End PBXGroup section */

/* Begin PBXNativeTarget section */
		B79F4897142BEF0D0085D47B /* psyTrainTrack */ = {
			isa = PBXNativeTarget;
			buildConfigurationList = B79F48C7142BEF0E0085D47B /* Build configuration list for PBXNativeTarget "psyTrainTrack" */;
			buildPhases = (
				B79F4894142BEF0D0085D47B /* Sources */,
				B79F4895142BEF0D0085D47B /* Frameworks */,
				B79F4896142BEF0D0085D47B /* Resources */,
			);
			buildRules = (
			);
			dependencies = (
			);
			name = psyTrainTrack;
			productName = psyTrainTrack;
			productReference = B79F4898142BEF0D0085D47B /* psyTrainTrack.app */;
			productType = "com.apple.product-type.application";
		};
/* End PBXNativeTarget section */

/* Begin PBXProject section */
		B79F488F142BEF0C0085D47B /* Project object */ = {
			isa = PBXProject;
			attributes = {
				LastUpgradeCheck = 0420;
				ORGANIZATIONNAME = "PsycheWeb LLC";
			};
			buildConfigurationList = B79F4892142BEF0C0085D47B /* Build configuration list for PBXProject "psyTrainTrack" */;
			compatibilityVersion = "Xcode 3.2";
			developmentRegion = English;
			hasScannedForEncodings = 0;
			knownRegions = (
				en,
			);
			mainGroup = B79F488D142BEF0C0085D47B;
			productRefGroup = B79F4899142BEF0D0085D47B /* Products */;
			projectDirPath = "";
			projectRoot = "";
			targets = (
				B79F4897142BEF0D0085D47B /* psyTrainTrack */,
			);
		};
/* End PBXProject section */

/* Begin PBXResourcesBuildPhase section */
		B79F4896142BEF0D0085D47B /* Resources */ = {
			isa = PBXResourcesBuildPhase;
			buildActionMask = 2147483647;
			files = (
				B79F48A9142BEF0D0085D47B /* InfoPlist.strings in Resources */,
				B79F48BB142BEF0D0085D47B /* PTTMasterViewController_iPhone.xib in Resources */,
				B79F48BE142BEF0E0085D47B /* PTTMasterViewController_iPad.xib in Resources */,
				B79F48C1142BEF0E0085D47B /* PTTDetailViewController_iPhone.xib in Resources */,
				B79F48C4142BEF0E0085D47B /* PTTDetailViewController_iPad.xib in Resources */,
				B79F48D0142CD8060085D47B /* ClinicianViewController.xib in Resources */,
				B79F48DB142CD8D00085D47B /* TextFieldAndLabelCell_iPhone.xib in Resources */,
				B79F48DC142CD8D00085D47B /* ScaleDataCell_iPhone.xib in Resources */,
				B79F48DD142CD8D00085D47B /* ShortFieldCell_iPhone.xib in Resources */,
				B79F48DE142CD8D00085D47B /* PickerYesNo.xib in Resources */,
				B79F48DF142CD8D00085D47B /* SwitchAndLabelCell_iPhone.xib in Resources */,
				B79F48E0142CD8D00085D47B /* SliderOneDataCell_iPhone.xib in Resources */,
				B79F48E1142CD8D00085D47B /* SliderTwoDataCell_iPhone.xib in Resources */,
				B78FADD7142CD9D4006D0FAD /* LICENSE AGREEMENT.rtf in Resources */,
				B78FAE01142CF306006D0FAD /* 111-user.png in Resources */,
				B78FAE02142CF306006D0FAD /* 112-group.png in Resources */,
				B78FAE03142CF306006D0FAD /* 140-gradhat.png in Resources */,
				B78FAE04142CF306006D0FAD /* 53-house.png in Resources */,
				B78FAE05142CF306006D0FAD /* 54-lock.png in Resources */,
				B78FAE06142CF306006D0FAD /* clients.png in Resources */,
				B78FAE07142CF306006D0FAD /* email.png in Resources */,
				B78FAE08142CF306006D0FAD /* email2.png in Resources */,
				B78FAE09142CF306006D0FAD /* gears.png in Resources */,
				B78FAE0A142CF306006D0FAD /* home.png in Resources */,
				B78FAE0B142CF306006D0FAD /* medical.png in Resources */,
				B78FAE0C142CF306006D0FAD /* myinfo.png in Resources */,
				B78FAE0D142CF306006D0FAD /* PsycheWebICC14a-A09aT00a-Z_mdm.jpg in Resources */,
				B78FAE0E142CF306006D0FAD /* PsycheWebICC14a-A09aT00a-Zclear-background.png in Resources */,
				B78FAE0F142CF306006D0FAD /* PsycheWebICC14a-A09aT00a-Zclear300.png in Resources */,
				B78FAE10142CF306006D0FAD /* schedule.png in Resources */,
				B78FAE11142CF306006D0FAD /* sliderbackground-gray.png in Resources */,
				B78FAE12142CF306006D0FAD /* sliderbackground.png in Resources */,
				B78FAE14142CF306006D0FAD /* clinicians.png in Resources */,
				B78FAE15142CF306006D0FAD /* time.png in Resources */,
				B78FAE16142CF306006D0FAD /* tools.png in Resources */,
				B78FAE17142CF306006D0FAD /* tools2.png in Resources */,
				B78FAE22142D0170006D0FAD /* TextViewAndLabelWhite_iPad.xib in Resources */,
				B78FAE24142D0170006D0FAD /* CliniciansDetailViewController_iPad.xib in Resources */,
				B7754B90142D34080088CA46 /* TextFieldAndLabelCell_iPad.xib in Resources */,
				B7754B91142D34080088CA46 /* ShortFieldCell_iPad.xib in Resources */,
				B7754B92142D34080088CA46 /* ScaleDataCell_iPad.xib in Resources */,
				B7754B93142D34080088CA46 /* SwitchAndLabelCell_iPad.xib in Resources */,
				B7754B96142D37760088CA46 /* TextViewAndLabelCell_iPhone.xib in Resources */,
			);
			runOnlyForDeploymentPostprocessing = 0;
		};
/* End PBXResourcesBuildPhase section */

/* Begin PBXSourcesBuildPhase section */
		B79F4894142BEF0D0085D47B /* Sources */ = {
			isa = PBXSourcesBuildPhase;
			buildActionMask = 2147483647;
			files = (
				B79F48AB142BEF0D0085D47B /* main.m in Sources */,
				B79F48AF142BEF0D0085D47B /* PTTAppDelegate.m in Sources */,
				B79F48B5142BEF0D0085D47B /* PTTMasterViewController_iPhone.m in Sources */,
				B79F48B8142BEF0D0085D47B /* PTTDetailViewController.m in Sources */,
				B79F48CE142CD7CD0085D47B /* ClinicianViewController.m in Sources */,
				B79F48DA142CD8D00085D47B /* ButtonCell.m in Sources */,
				B78FADD8142CD9D4006D0FAD /* SCBadgeView.m in Sources */,
				B78FADD9142CD9D4006D0FAD /* SCClassDefinition.m in Sources */,
				B78FADDA142CD9D4006D0FAD /* SCGlobals.m in Sources */,
				B78FADDB142CD9D4006D0FAD /* SCPropertyAttributes.m in Sources */,
				B78FADDC142CD9D4006D0FAD /* SCTableViewCell.m in Sources */,
				B78FADDD142CD9D4006D0FAD /* SCTableViewController.m in Sources */,
				B78FADDE142CD9D4006D0FAD /* SCTableViewModel.m in Sources */,
				B78FADDF142CD9D4006D0FAD /* SCTableViewSection.m in Sources */,
				B78FADE0142CD9D4006D0FAD /* SCViewController.m in Sources */,
				B78FADE3142CDE17006D0FAD /* psyTrainTrack.xcdatamodeld in Sources */,
				B78FAE1A142CFEB1006D0FAD /* PTTMasterViewController_iPad.m in Sources */,
				B78FAE21142D0170006D0FAD /* CliniciansRootViewController_iPad.m in Sources */,
				B78FAE23142D0170006D0FAD /* CliniciansDetailViewController_iPad.m in Sources */,
				B7754B9B142D47C80088CA46 /* CliniciansViewController_Shared.m in Sources */,
			);
			runOnlyForDeploymentPostprocessing = 0;
		};
/* End PBXSourcesBuildPhase section */

/* Begin PBXVariantGroup section */
		B79F48A7142BEF0D0085D47B /* InfoPlist.strings */ = {
			isa = PBXVariantGroup;
			children = (
				B79F48A8142BEF0D0085D47B /* en */,
			);
			name = InfoPlist.strings;
			sourceTree = "<group>";
		};
		B79F48B9142BEF0D0085D47B /* PTTMasterViewController_iPhone.xib */ = {
			isa = PBXVariantGroup;
			children = (
				B79F48BA142BEF0D0085D47B /* en */,
			);
			name = PTTMasterViewController_iPhone.xib;
			sourceTree = "<group>";
		};
		B79F48BC142BEF0E0085D47B /* PTTMasterViewController_iPad.xib */ = {
			isa = PBXVariantGroup;
			children = (
				B79F48BD142BEF0E0085D47B /* en */,
			);
			name = PTTMasterViewController_iPad.xib;
			sourceTree = "<group>";
		};
		B79F48BF142BEF0E0085D47B /* PTTDetailViewController_iPhone.xib */ = {
			isa = PBXVariantGroup;
			children = (
				B79F48C0142BEF0E0085D47B /* en */,
			);
			name = PTTDetailViewController_iPhone.xib;
			sourceTree = "<group>";
		};
		B79F48C2142BEF0E0085D47B /* PTTDetailViewController_iPad.xib */ = {
			isa = PBXVariantGroup;
			children = (
				B79F48C3142BEF0E0085D47B /* en */,
			);
			name = PTTDetailViewController_iPad.xib;
			sourceTree = "<group>";
		};
/* End PBXVariantGroup section */

/* Begin XCBuildConfiguration section */
		B79F48C5142BEF0E0085D47B /* Debug */ = {
			isa = XCBuildConfiguration;
			buildSettings = {
				ALWAYS_SEARCH_USER_PATHS = NO;
				ARCHS = "$(ARCHS_STANDARD_32_BIT)";
				CLANG_ENABLE_OBJC_ARC = YES;
				"CODE_SIGN_IDENTITY[sdk=iphoneos*]" = "iPhone Developer";
				COPY_PHASE_STRIP = NO;
				GCC_C_LANGUAGE_STANDARD = gnu99;
				GCC_DYNAMIC_NO_PIC = NO;
				GCC_OPTIMIZATION_LEVEL = 0;
				GCC_PREPROCESSOR_DEFINITIONS = (
					"DEBUG=1",
					"$(inherited)",
				);
				GCC_SYMBOLS_PRIVATE_EXTERN = NO;
				GCC_VERSION = com.apple.compilers.llvm.clang.1_0;
				GCC_WARN_ABOUT_MISSING_PROTOTYPES = YES;
				GCC_WARN_ABOUT_RETURN_TYPE = YES;
				GCC_WARN_UNUSED_VARIABLE = YES;
				IPHONEOS_DEPLOYMENT_TARGET = 5.0;
				SDKROOT = iphoneos;
				TARGETED_DEVICE_FAMILY = "1,2";
			};
			name = Debug;
		};
		B79F48C6142BEF0E0085D47B /* Release */ = {
			isa = XCBuildConfiguration;
			buildSettings = {
				ALWAYS_SEARCH_USER_PATHS = NO;
				ARCHS = "$(ARCHS_STANDARD_32_BIT)";
				CLANG_ENABLE_OBJC_ARC = YES;
				"CODE_SIGN_IDENTITY[sdk=iphoneos*]" = "iPhone Developer";
				COPY_PHASE_STRIP = YES;
				GCC_C_LANGUAGE_STANDARD = gnu99;
				GCC_VERSION = com.apple.compilers.llvm.clang.1_0;
				GCC_WARN_ABOUT_MISSING_PROTOTYPES = YES;
				GCC_WARN_ABOUT_RETURN_TYPE = YES;
				GCC_WARN_UNUSED_VARIABLE = YES;
				IPHONEOS_DEPLOYMENT_TARGET = 5.0;
				OTHER_CFLAGS = "-DNS_BLOCK_ASSERTIONS=1";
				SDKROOT = iphoneos;
				TARGETED_DEVICE_FAMILY = "1,2";
				VALIDATE_PRODUCT = YES;
			};
			name = Release;
		};
		B79F48C8142BEF0E0085D47B /* Debug */ = {
			isa = XCBuildConfiguration;
			buildSettings = {
				GCC_PRECOMPILE_PREFIX_HEADER = YES;
				GCC_PREFIX_HEADER = "psyTrainTrack/psyTrainTrack-Prefix.pch";
				INFOPLIST_FILE = "psyTrainTrack/psyTrainTrack-Info.plist";
				PRODUCT_NAME = "$(TARGET_NAME)";
				WRAPPER_EXTENSION = app;
			};
			name = Debug;
		};
		B79F48C9142BEF0E0085D47B /* Release */ = {
			isa = XCBuildConfiguration;
			buildSettings = {
				GCC_PRECOMPILE_PREFIX_HEADER = YES;
				GCC_PREFIX_HEADER = "psyTrainTrack/psyTrainTrack-Prefix.pch";
				INFOPLIST_FILE = "psyTrainTrack/psyTrainTrack-Info.plist";
				PRODUCT_NAME = "$(TARGET_NAME)";
				WRAPPER_EXTENSION = app;
			};
			name = Release;
		};
/* End XCBuildConfiguration section */

/* Begin XCConfigurationList section */
		B79F4892142BEF0C0085D47B /* Build configuration list for PBXProject "psyTrainTrack" */ = {
			isa = XCConfigurationList;
			buildConfigurations = (
				B79F48C5142BEF0E0085D47B /* Debug */,
				B79F48C6142BEF0E0085D47B /* Release */,
			);
			defaultConfigurationIsVisible = 0;
			defaultConfigurationName = Release;
		};
		B79F48C7142BEF0E0085D47B /* Build configuration list for PBXNativeTarget "psyTrainTrack" */ = {
			isa = XCConfigurationList;
			buildConfigurations = (
				B79F48C8142BEF0E0085D47B /* Debug */,
				B79F48C9142BEF0E0085D47B /* Release */,
			);
			defaultConfigurationIsVisible = 0;
			defaultConfigurationName = Release;
		};
/* End XCConfigurationList section */

/* Begin XCVersionGroup section */
		B78FADE1142CDE17006D0FAD /* psyTrainTrack.xcdatamodeld */ = {
			isa = XCVersionGroup;
			children = (
				B78FADE2142CDE17006D0FAD /* psyTrainTrack.xcdatamodel */,
			);
			currentVersion = B78FADE2142CDE17006D0FAD /* psyTrainTrack.xcdatamodel */;
			path = psyTrainTrack.xcdatamodeld;
			sourceTree = "<group>";
			versionGroupType = wrapper.xcdatamodel;
		};
/* End XCVersionGroup section */
	};
	rootObject = B79F488F142BEF0C0085D47B /* Project object */;
}
